
Microsoft Visual Studio Solution File, Format Version 12.00
# Visual Studio 14
VisualStudioVersion = 14.0.25123.0
MinimumVisualStudioVersion = 10.0.40219.1
Project("{FAE04EC0-301F-11D3-BF4B-00C04F79EFBC}") = "Instigate.Command.Contract", "Instigate.Command.Contract\Instigate.Command.Contract.csproj", "{2F7C57A2-DAF5-48F5-9866-C015C1CD70EE}"
EndProject
Project("{FAE04EC0-301F-11D3-BF4B-00C04F79EFBC}") = "Instigate.Common.Contract", "Instigate.Common.Contract\Instigate.Common.Contract.csproj", "{EE136579-CA78-446F-8AB3-1A62B75B3EA2}"
EndProject
Project("{2150E333-8FDC-42A3-9474-1A3956D46DE8}") = "Command", "Command", "{7062FF3D-B44D-4F2D-ACA3-81F67C0C1520}"
EndProject
Project("{2150E333-8FDC-42A3-9474-1A3956D46DE8}") = "Query", "Query", "{F670A016-1FA7-414D-B9DB-BC236CB26B61}"
EndProject
Project("{FAE04EC0-301F-11D3-BF4B-00C04F79EFBC}") = "Instigate.Query.Contract", "Instigate.Query.Contract\Instigate.Query.Contract.csproj", "{E06D8177-CAB1-4204-88A7-6CED7AF2EFBA}"
EndProject
Project("{FAE04EC0-301F-11D3-BF4B-00C04F79EFBC}") = "Instigate.Test.Command", "Tests\Instigage.Test.Command\Instigate.Test.Command.csproj", "{17CA9295-6F60-49C5-9581-9D07B2EAC70C}"
EndProject
Project("{2150E333-8FDC-42A3-9474-1A3956D46DE8}") = "Meta", "Meta", "{C356214D-030B-443C-B15F-F22F4DBE6E78}"
EndProject
Project("{FAE04EC0-301F-11D3-BF4B-00C04F79EFBC}") = "Instigate.Meta.Commands", "Instigage.Meta.Commands\Instigate.Meta.Commands.csproj", "{55C03F22-0D1C-4C37-9FE3-11FBA49A3DA7}"
EndProject
Project("{FAE04EC0-301F-11D3-BF4B-00C04F79EFBC}") = "Instigate.Meta.WinForms.App", "Instigate.Meta.WinForms.App\Instigate.Meta.WinForms.App.csproj", "{239AA82B-E823-4BAC-9899-827536FBA037}"
EndProject
Project("{FAE04EC0-301F-11D3-BF4B-00C04F79EFBC}") = "Instigate.Wcf.Service.Host", "Instigate.Service.Host\Instigate.Wcf.Service.Host.csproj", "{560D7A95-4FB7-4807-A2E1-5DC1519C3BF1}"
EndProject
Project("{FAE04EC0-301F-11D3-BF4B-00C04F79EFBC}") = "Instigate.Wcf.Service.Common", "Instigate.Service.Common\Instigate.Wcf.Service.Common.csproj", "{08285E7C-D0B4-4440-A5D1-A626798CAE04}"
EndProject
Project("{FAE04EC0-301F-11D3-BF4B-00C04F79EFBC}") = "Instigate.Wcf.Command.Stub", "Instigate.Command.Service\Instigate.Wcf.Command.Stub.csproj", "{8259294E-91EE-41AC-889A-D80940B904B4}"
EndProject
Project("{2150E333-8FDC-42A3-9474-1A3956D46DE8}") = "Application", "Application", "{3025EFAF-2098-4AE6-95E7-D20B14BFD3D7}"
EndProject
Project("{2150E333-8FDC-42A3-9474-1A3956D46DE8}") = "Infrastructure", "Infrastructure", "{6112662D-D623-47EF-866B-4C257DE3A457}"
EndProject
Project("{2150E333-8FDC-42A3-9474-1A3956D46DE8}") = "Wcf.Service", "Wcf.Service", "{AE443936-5A49-4718-9EA4-BA4F2AD0BD3C}"
EndProject
Project("{FAE04EC0-301F-11D3-BF4B-00C04F79EFBC}") = "Instigate.Wcf.Command.Common", "Instigate.Wcf.Command.Common\Instigate.Wcf.Command.Common.csproj", "{B3F6C2FA-8783-4443-BE55-4B010F377658}"
EndProject
Project("{2150E333-8FDC-42A3-9474-1A3956D46DE8}") = "Wcf.Service", "Wcf.Service", "{5B05EC86-FEF2-4A64-890B-C998CA8C5B40}"
EndProject
Project("{FAE04EC0-301F-11D3-BF4B-00C04F79EFBC}") = "Instigate.Wcf.Command.Proxy", "Instigate.Wcf.Command.Proxy\Instigate.Wcf.Command.Proxy.csproj", "{A15FC69B-8CE1-4989-A5AF-9E02F7B0D102}"
EndProject
Global
	GlobalSection(SolutionConfigurationPlatforms) = preSolution
		Debug|Any CPU = Debug|Any CPU
		Release|Any CPU = Release|Any CPU
	EndGlobalSection
	GlobalSection(ProjectConfigurationPlatforms) = postSolution
		{2F7C57A2-DAF5-48F5-9866-C015C1CD70EE}.Debug|Any CPU.ActiveCfg = Debug|Any CPU
		{2F7C57A2-DAF5-48F5-9866-C015C1CD70EE}.Debug|Any CPU.Build.0 = Debug|Any CPU
		{2F7C57A2-DAF5-48F5-9866-C015C1CD70EE}.Release|Any CPU.ActiveCfg = Release|Any CPU
		{2F7C57A2-DAF5-48F5-9866-C015C1CD70EE}.Release|Any CPU.Build.0 = Release|Any CPU
		{EE136579-CA78-446F-8AB3-1A62B75B3EA2}.Debug|Any CPU.ActiveCfg = Debug|Any CPU
		{EE136579-CA78-446F-8AB3-1A62B75B3EA2}.Debug|Any CPU.Build.0 = Debug|Any CPU
		{EE136579-CA78-446F-8AB3-1A62B75B3EA2}.Release|Any CPU.ActiveCfg = Release|Any CPU
		{EE136579-CA78-446F-8AB3-1A62B75B3EA2}.Release|Any CPU.Build.0 = Release|Any CPU
		{E06D8177-CAB1-4204-88A7-6CED7AF2EFBA}.Debug|Any CPU.ActiveCfg = Debug|Any CPU
		{E06D8177-CAB1-4204-88A7-6CED7AF2EFBA}.Debug|Any CPU.Build.0 = Debug|Any CPU
		{E06D8177-CAB1-4204-88A7-6CED7AF2EFBA}.Release|Any CPU.ActiveCfg = Release|Any CPU
		{E06D8177-CAB1-4204-88A7-6CED7AF2EFBA}.Release|Any CPU.Build.0 = Release|Any CPU
		{17CA9295-6F60-49C5-9581-9D07B2EAC70C}.Debug|Any CPU.ActiveCfg = Debug|Any CPU
		{17CA9295-6F60-49C5-9581-9D07B2EAC70C}.Debug|Any CPU.Build.0 = Debug|Any CPU
		{17CA9295-6F60-49C5-9581-9D07B2EAC70C}.Release|Any CPU.ActiveCfg = Release|Any CPU
		{17CA9295-6F60-49C5-9581-9D07B2EAC70C}.Release|Any CPU.Build.0 = Release|Any CPU
		{55C03F22-0D1C-4C37-9FE3-11FBA49A3DA7}.Debug|Any CPU.ActiveCfg = Debug|Any CPU
		{55C03F22-0D1C-4C37-9FE3-11FBA49A3DA7}.Debug|Any CPU.Build.0 = Debug|Any CPU
		{55C03F22-0D1C-4C37-9FE3-11FBA49A3DA7}.Release|Any CPU.ActiveCfg = Release|Any CPU
		{55C03F22-0D1C-4C37-9FE3-11FBA49A3DA7}.Release|Any CPU.Build.0 = Release|Any CPU
		{239AA82B-E823-4BAC-9899-827536FBA037}.Debug|Any CPU.ActiveCfg = Debug|Any CPU
		{239AA82B-E823-4BAC-9899-827536FBA037}.Debug|Any CPU.Build.0 = Debug|Any CPU
		{239AA82B-E823-4BAC-9899-827536FBA037}.Release|Any CPU.ActiveCfg = Release|Any CPU
		{239AA82B-E823-4BAC-9899-827536FBA037}.Release|Any CPU.Build.0 = Release|Any CPU
		{560D7A95-4FB7-4807-A2E1-5DC1519C3BF1}.Debug|Any CPU.ActiveCfg = Debug|Any CPU
		{560D7A95-4FB7-4807-A2E1-5DC1519C3BF1}.Debug|Any CPU.Build.0 = Debug|Any CPU
		{560D7A95-4FB7-4807-A2E1-5DC1519C3BF1}.Release|Any CPU.ActiveCfg = Release|Any CPU
		{560D7A95-4FB7-4807-A2E1-5DC1519C3BF1}.Release|Any CPU.Build.0 = Release|Any CPU
		{08285E7C-D0B4-4440-A5D1-A626798CAE04}.Debug|Any CPU.ActiveCfg = Debug|Any CPU
		{08285E7C-D0B4-4440-A5D1-A626798CAE04}.Debug|Any CPU.Build.0 = Debug|Any CPU
		{08285E7C-D0B4-4440-A5D1-A626798CAE04}.Release|Any CPU.ActiveCfg = Release|Any CPU
		{08285E7C-D0B4-4440-A5D1-A626798CAE04}.Release|Any CPU.Build.0 = Release|Any CPU
		{8259294E-91EE-41AC-889A-D80940B904B4}.Debug|Any CPU.ActiveCfg = Debug|Any CPU
		{8259294E-91EE-41AC-889A-D80940B904B4}.Debug|Any CPU.Build.0 = Debug|Any CPU
		{8259294E-91EE-41AC-889A-D80940B904B4}.Release|Any CPU.ActiveCfg = Release|Any CPU
		{8259294E-91EE-41AC-889A-D80940B904B4}.Release|Any CPU.Build.0 = Release|Any CPU
		{B3F6C2FA-8783-4443-BE55-4B010F377658}.Debug|Any CPU.ActiveCfg = Debug|Any CPU
		{B3F6C2FA-8783-4443-BE55-4B010F377658}.Debug|Any CPU.Build.0 = Debug|Any CPU
		{B3F6C2FA-8783-4443-BE55-4B010F377658}.Release|Any CPU.ActiveCfg = Release|Any CPU
		{B3F6C2FA-8783-4443-BE55-4B010F377658}.Release|Any CPU.Build.0 = Release|Any CPU
		{A15FC69B-8CE1-4989-A5AF-9E02F7B0D102}.Debug|Any CPU.ActiveCfg = Debug|Any CPU
		{A15FC69B-8CE1-4989-A5AF-9E02F7B0D102}.Debug|Any CPU.Build.0 = Debug|Any CPU
		{A15FC69B-8CE1-4989-A5AF-9E02F7B0D102}.Release|Any CPU.ActiveCfg = Release|Any CPU
		{A15FC69B-8CE1-4989-A5AF-9E02F7B0D102}.Release|Any CPU.Build.0 = Release|Any CPU
	EndGlobalSection
	GlobalSection(SolutionProperties) = preSolution
		HideSolutionNode = FALSE
	EndGlobalSection
	GlobalSection(NestedProjects) = preSolution
		{2F7C57A2-DAF5-48F5-9866-C015C1CD70EE} = {7062FF3D-B44D-4F2D-ACA3-81F67C0C1520}
		{7062FF3D-B44D-4F2D-ACA3-81F67C0C1520} = {6112662D-D623-47EF-866B-4C257DE3A457}
		{F670A016-1FA7-414D-B9DB-BC236CB26B61} = {6112662D-D623-47EF-866B-4C257DE3A457}
		{E06D8177-CAB1-4204-88A7-6CED7AF2EFBA} = {F670A016-1FA7-414D-B9DB-BC236CB26B61}
		{17CA9295-6F60-49C5-9581-9D07B2EAC70C} = {7062FF3D-B44D-4F2D-ACA3-81F67C0C1520}
		{C356214D-030B-443C-B15F-F22F4DBE6E78} = {3025EFAF-2098-4AE6-95E7-D20B14BFD3D7}
		{55C03F22-0D1C-4C37-9FE3-11FBA49A3DA7} = {C356214D-030B-443C-B15F-F22F4DBE6E78}
		{239AA82B-E823-4BAC-9899-827536FBA037} = {C356214D-030B-443C-B15F-F22F4DBE6E78}
		{560D7A95-4FB7-4807-A2E1-5DC1519C3BF1} = {AE443936-5A49-4718-9EA4-BA4F2AD0BD3C}
		{08285E7C-D0B4-4440-A5D1-A626798CAE04} = {AE443936-5A49-4718-9EA4-BA4F2AD0BD3C}
		{8259294E-91EE-41AC-889A-D80940B904B4} = {5B05EC86-FEF2-4A64-890B-C998CA8C5B40}
		{AE443936-5A49-4718-9EA4-BA4F2AD0BD3C} = {6112662D-D623-47EF-866B-4C257DE3A457}
		{B3F6C2FA-8783-4443-BE55-4B010F377658} = {5B05EC86-FEF2-4A64-890B-C998CA8C5B40}
		{5B05EC86-FEF2-4A64-890B-C998CA8C5B40} = {7062FF3D-B44D-4F2D-ACA3-81F67C0C1520}
		{A15FC69B-8CE1-4989-A5AF-9E02F7B0D102} = {5B05EC86-FEF2-4A64-890B-C998CA8C5B40}
	EndGlobalSection
EndGlobal
